
Microsoft Visual Studio Solution File, Format Version 12.00
# Visual Studio Version 17
VisualStudioVersion = 17.9.34723.18
MinimumVisualStudioVersion = 10.0.40219.1
Project("{9A19103F-16F7-4668-BE54-9A1E7A4F7556}") = "Task1_1", "Task1_1\Task1_1.csproj", "{FC4A8151-1771-4336-B916-021590874B29}"
EndProject
Project("{9A19103F-16F7-4668-BE54-9A1E7A4F7556}") = "Task1_2", "Task1_2\Task1_2.csproj", "{D3D0BC83-6F74-4DBB-AC3A-17333EE4127E}"
EndProject
Project("{9A19103F-16F7-4668-BE54-9A1E7A4F7556}") = "Task1_3", "Task1_3\Task1_3.csproj", "{E4BAD842-EAAB-416F-9BF9-000B2953E328}"
EndProject
Project("{9A19103F-16F7-4668-BE54-9A1E7A4F7556}") = "Task1_4", "Task1_4\Task1_4.csproj", "{A17BB4CA-95EA-4F5A-ACFF-6BC156820CC5}"
EndProject
Project("{9A19103F-16F7-4668-BE54-9A1E7A4F7556}") = "Task1_5", "Task1_5\Task1_5.csproj", "{A32937F2-07FE-4B65-9A4D-F797CBA48898}"
EndProject
Project("{9A19103F-16F7-4668-BE54-9A1E7A4F7556}") = "Task_3_1", "Task_3_1\Task_3_1.csproj", "{96A4DD75-000A-4555-A539-5D13B7C53F2B}"
EndProject
Project("{9A19103F-16F7-4668-BE54-9A1E7A4F7556}") = "Task_3_2", "Task_3_2\Task_3_2.csproj", "{18D206ED-E65E-4FAA-8935-7BE33A685CE7}"
EndProject
Project("{9A19103F-16F7-4668-BE54-9A1E7A4F7556}") = "Task_3_3", "Task_3_3\Task_3_3.csproj", "{F5EDF1D2-B4A9-420F-B9DA-5E2E7297B777}"
EndProject
Project("{9A19103F-16F7-4668-BE54-9A1E7A4F7556}") = "Task_3_4", "Task_3_4\Task_3_4.csproj", "{4657F9BD-69AD-4DE9-A789-C9997E906215}"
EndProject
Project("{9A19103F-16F7-4668-BE54-9A1E7A4F7556}") = "Task_3_5", "Task_3_5\Task_3_5.csproj", "{4D13D406-6ECD-44EC-9219-1DD57FCFE7D2}"
EndProject
Project("{9A19103F-16F7-4668-BE54-9A1E7A4F7556}") = "Task_3_6", "Task_3_6\Task_3_6.csproj", "{4DCDAE75-9652-4CDE-A188-53159103BAB4}"
EndProject
Project("{9A19103F-16F7-4668-BE54-9A1E7A4F7556}") = "Task_3_7", "Task_3_7\Task_3_7.csproj", "{5E3B36A5-2D4A-47F4-BEC3-78D77DB5EE0C}"
EndProject
Project("{9A19103F-16F7-4668-BE54-9A1E7A4F7556}") = "Task_3_8", "Task_3_8\Task_3_8.csproj", "{5DE392AA-D85F-4EC8-B71E-5C37F84F3894}"
EndProject
Project("{9A19103F-16F7-4668-BE54-9A1E7A4F7556}") = "Task_3_9", "Task_3_9\Task_3_9.csproj", "{7FB6AFCC-B47C-4A16-AB95-37A3AEE178EC}"
EndProject
Project("{9A19103F-16F7-4668-BE54-9A1E7A4F7556}") = "Task_3_10", "Task_3_10\Task_3_10.csproj", "{A1FC56F3-7F12-4BB9-B769-459F0ED2CC87}"
EndProject
Project("{9A19103F-16F7-4668-BE54-9A1E7A4F7556}") = "Task_3_11", "Task_3_11\Task_3_11.csproj", "{041CFABF-EA8C-45C6-9B00-7DA4DAF6A487}"
EndProject
Project("{FAE04EC0-301F-11D3-BF4B-00C04F79EFBC}") = "Task_4_1", "Task_4_1\Task_4_1.csproj", "{08226EFF-FCC6-4D3A-B8D2-713254DDAC6A}"
EndProject
Project("{FAE04EC0-301F-11D3-BF4B-00C04F79EFBC}") = "Task_4_2", "Task_4_2\Task_4_2.csproj", "{555C587E-6A53-4A78-B177-966F1BA4237A}"
EndProject
Project("{FAE04EC0-301F-11D3-BF4B-00C04F79EFBC}") = "Task_4_3", "Task_4_3\Task_4_3.csproj", "{09ABE78F-53F3-4776-89B6-4C9C16302609}"
EndProject
Project("{FAE04EC0-301F-11D3-BF4B-00C04F79EFBC}") = "Task_4_4", "Task_4_4\Task_4_4.csproj", "{ACB7D51C-A8CC-430E-AAAD-E8B3E0711E6B}"
EndProject
Project("{FAE04EC0-301F-11D3-BF4B-00C04F79EFBC}") = "Task_4_5", "Task_4_5\Task_4_5.csproj", "{15A0852E-1D1C-4556-A329-408224A315BF}"
EndProject
Project("{FAE04EC0-301F-11D3-BF4B-00C04F79EFBC}") = "Task_4_6", "Task_4_6\Task_4_6.csproj", "{FBD6C9BF-C904-4E38-9847-14BA207733ED}"
EndProject
Project("{FAE04EC0-301F-11D3-BF4B-00C04F79EFBC}") = "Task_4_7", "Task_4_7\Task_4_7.csproj", "{9367C54C-BFF2-4913-AD6C-95D7D2F230F9}"
EndProject
Global
	GlobalSection(SolutionConfigurationPlatforms) = preSolution
		Debug|Any CPU = Debug|Any CPU
		Release|Any CPU = Release|Any CPU
	EndGlobalSection
	GlobalSection(ProjectConfigurationPlatforms) = postSolution
		{FC4A8151-1771-4336-B916-021590874B29}.Debug|Any CPU.ActiveCfg = Debug|Any CPU
		{FC4A8151-1771-4336-B916-021590874B29}.Debug|Any CPU.Build.0 = Debug|Any CPU
		{FC4A8151-1771-4336-B916-021590874B29}.Release|Any CPU.ActiveCfg = Release|Any CPU
		{FC4A8151-1771-4336-B916-021590874B29}.Release|Any CPU.Build.0 = Release|Any CPU
		{D3D0BC83-6F74-4DBB-AC3A-17333EE4127E}.Debug|Any CPU.ActiveCfg = Debug|Any CPU
		{D3D0BC83-6F74-4DBB-AC3A-17333EE4127E}.Debug|Any CPU.Build.0 = Debug|Any CPU
		{D3D0BC83-6F74-4DBB-AC3A-17333EE4127E}.Release|Any CPU.ActiveCfg = Release|Any CPU
		{D3D0BC83-6F74-4DBB-AC3A-17333EE4127E}.Release|Any CPU.Build.0 = Release|Any CPU
		{E4BAD842-EAAB-416F-9BF9-000B2953E328}.Debug|Any CPU.ActiveCfg = Debug|Any CPU
		{E4BAD842-EAAB-416F-9BF9-000B2953E328}.Debug|Any CPU.Build.0 = Debug|Any CPU
		{E4BAD842-EAAB-416F-9BF9-000B2953E328}.Release|Any CPU.ActiveCfg = Release|Any CPU
		{E4BAD842-EAAB-416F-9BF9-000B2953E328}.Release|Any CPU.Build.0 = Release|Any CPU
		{A17BB4CA-95EA-4F5A-ACFF-6BC156820CC5}.Debug|Any CPU.ActiveCfg = Debug|Any CPU
		{A17BB4CA-95EA-4F5A-ACFF-6BC156820CC5}.Debug|Any CPU.Build.0 = Debug|Any CPU
		{A17BB4CA-95EA-4F5A-ACFF-6BC156820CC5}.Release|Any CPU.ActiveCfg = Release|Any CPU
		{A17BB4CA-95EA-4F5A-ACFF-6BC156820CC5}.Release|Any CPU.Build.0 = Release|Any CPU
		{A32937F2-07FE-4B65-9A4D-F797CBA48898}.Debug|Any CPU.ActiveCfg = Debug|Any CPU
		{A32937F2-07FE-4B65-9A4D-F797CBA48898}.Debug|Any CPU.Build.0 = Debug|Any CPU
		{A32937F2-07FE-4B65-9A4D-F797CBA48898}.Release|Any CPU.ActiveCfg = Release|Any CPU
		{A32937F2-07FE-4B65-9A4D-F797CBA48898}.Release|Any CPU.Build.0 = Release|Any CPU
		{96A4DD75-000A-4555-A539-5D13B7C53F2B}.Debug|Any CPU.ActiveCfg = Debug|Any CPU
		{96A4DD75-000A-4555-A539-5D13B7C53F2B}.Debug|Any CPU.Build.0 = Debug|Any CPU
		{96A4DD75-000A-4555-A539-5D13B7C53F2B}.Release|Any CPU.ActiveCfg = Release|Any CPU
		{96A4DD75-000A-4555-A539-5D13B7C53F2B}.Release|Any CPU.Build.0 = Release|Any CPU
		{18D206ED-E65E-4FAA-8935-7BE33A685CE7}.Debug|Any CPU.ActiveCfg = Debug|Any CPU
		{18D206ED-E65E-4FAA-8935-7BE33A685CE7}.Debug|Any CPU.Build.0 = Debug|Any CPU
		{18D206ED-E65E-4FAA-8935-7BE33A685CE7}.Release|Any CPU.ActiveCfg = Release|Any CPU
		{18D206ED-E65E-4FAA-8935-7BE33A685CE7}.Release|Any CPU.Build.0 = Release|Any CPU
		{F5EDF1D2-B4A9-420F-B9DA-5E2E7297B777}.Debug|Any CPU.ActiveCfg = Debug|Any CPU
		{F5EDF1D2-B4A9-420F-B9DA-5E2E7297B777}.Debug|Any CPU.Build.0 = Debug|Any CPU
		{F5EDF1D2-B4A9-420F-B9DA-5E2E7297B777}.Release|Any CPU.ActiveCfg = Release|Any CPU
		{F5EDF1D2-B4A9-420F-B9DA-5E2E7297B777}.Release|Any CPU.Build.0 = Release|Any CPU
		{4657F9BD-69AD-4DE9-A789-C9997E906215}.Debug|Any CPU.ActiveCfg = Debug|Any CPU
		{4657F9BD-69AD-4DE9-A789-C9997E906215}.Debug|Any CPU.Build.0 = Debug|Any CPU
		{4657F9BD-69AD-4DE9-A789-C9997E906215}.Release|Any CPU.ActiveCfg = Release|Any CPU
		{4657F9BD-69AD-4DE9-A789-C9997E906215}.Release|Any CPU.Build.0 = Release|Any CPU
		{4D13D406-6ECD-44EC-9219-1DD57FCFE7D2}.Debug|Any CPU.ActiveCfg = Debug|Any CPU
		{4D13D406-6ECD-44EC-9219-1DD57FCFE7D2}.Debug|Any CPU.Build.0 = Debug|Any CPU
		{4D13D406-6ECD-44EC-9219-1DD57FCFE7D2}.Release|Any CPU.ActiveCfg = Release|Any CPU
		{4D13D406-6ECD-44EC-9219-1DD57FCFE7D2}.Release|Any CPU.Build.0 = Release|Any CPU
		{4DCDAE75-9652-4CDE-A188-53159103BAB4}.Debug|Any CPU.ActiveCfg = Debug|Any CPU
		{4DCDAE75-9652-4CDE-A188-53159103BAB4}.Debug|Any CPU.Build.0 = Debug|Any CPU
		{4DCDAE75-9652-4CDE-A188-53159103BAB4}.Release|Any CPU.ActiveCfg = Release|Any CPU
		{4DCDAE75-9652-4CDE-A188-53159103BAB4}.Release|Any CPU.Build.0 = Release|Any CPU
		{5E3B36A5-2D4A-47F4-BEC3-78D77DB5EE0C}.Debug|Any CPU.ActiveCfg = Debug|Any CPU
		{5E3B36A5-2D4A-47F4-BEC3-78D77DB5EE0C}.Debug|Any CPU.Build.0 = Debug|Any CPU
		{5E3B36A5-2D4A-47F4-BEC3-78D77DB5EE0C}.Release|Any CPU.ActiveCfg = Release|Any CPU
		{5E3B36A5-2D4A-47F4-BEC3-78D77DB5EE0C}.Release|Any CPU.Build.0 = Release|Any CPU
		{5DE392AA-D85F-4EC8-B71E-5C37F84F3894}.Debug|Any CPU.ActiveCfg = Debug|Any CPU
		{5DE392AA-D85F-4EC8-B71E-5C37F84F3894}.Debug|Any CPU.Build.0 = Debug|Any CPU
		{5DE392AA-D85F-4EC8-B71E-5C37F84F3894}.Release|Any CPU.ActiveCfg = Release|Any CPU
		{5DE392AA-D85F-4EC8-B71E-5C37F84F3894}.Release|Any CPU.Build.0 = Release|Any CPU
		{7FB6AFCC-B47C-4A16-AB95-37A3AEE178EC}.Debug|Any CPU.ActiveCfg = Debug|Any CPU
		{7FB6AFCC-B47C-4A16-AB95-37A3AEE178EC}.Debug|Any CPU.Build.0 = Debug|Any CPU
		{7FB6AFCC-B47C-4A16-AB95-37A3AEE178EC}.Release|Any CPU.ActiveCfg = Release|Any CPU
		{7FB6AFCC-B47C-4A16-AB95-37A3AEE178EC}.Release|Any CPU.Build.0 = Release|Any CPU
		{A1FC56F3-7F12-4BB9-B769-459F0ED2CC87}.Debug|Any CPU.ActiveCfg = Debug|Any CPU
		{A1FC56F3-7F12-4BB9-B769-459F0ED2CC87}.Debug|Any CPU.Build.0 = Debug|Any CPU
		{A1FC56F3-7F12-4BB9-B769-459F0ED2CC87}.Release|Any CPU.ActiveCfg = Release|Any CPU
		{A1FC56F3-7F12-4BB9-B769-459F0ED2CC87}.Release|Any CPU.Build.0 = Release|Any CPU
		{041CFABF-EA8C-45C6-9B00-7DA4DAF6A487}.Debug|Any CPU.ActiveCfg = Debug|Any CPU
		{041CFABF-EA8C-45C6-9B00-7DA4DAF6A487}.Debug|Any CPU.Build.0 = Debug|Any CPU
		{041CFABF-EA8C-45C6-9B00-7DA4DAF6A487}.Release|Any CPU.ActiveCfg = Release|Any CPU
		{041CFABF-EA8C-45C6-9B00-7DA4DAF6A487}.Release|Any CPU.Build.0 = Release|Any CPU
		{08226EFF-FCC6-4D3A-B8D2-713254DDAC6A}.Debug|Any CPU.ActiveCfg = Debug|Any CPU
		{08226EFF-FCC6-4D3A-B8D2-713254DDAC6A}.Debug|Any CPU.Build.0 = Debug|Any CPU
		{08226EFF-FCC6-4D3A-B8D2-713254DDAC6A}.Release|Any CPU.ActiveCfg = Release|Any CPU
		{08226EFF-FCC6-4D3A-B8D2-713254DDAC6A}.Release|Any CPU.Build.0 = Release|Any CPU
		{555C587E-6A53-4A78-B177-966F1BA4237A}.Debug|Any CPU.ActiveCfg = Debug|Any CPU
		{555C587E-6A53-4A78-B177-966F1BA4237A}.Debug|Any CPU.Build.0 = Debug|Any CPU
		{555C587E-6A53-4A78-B177-966F1BA4237A}.Release|Any CPU.ActiveCfg = Release|Any CPU
		{555C587E-6A53-4A78-B177-966F1BA4237A}.Release|Any CPU.Build.0 = Release|Any CPU
		{09ABE78F-53F3-4776-89B6-4C9C16302609}.Debug|Any CPU.ActiveCfg = Debug|Any CPU
		{09ABE78F-53F3-4776-89B6-4C9C16302609}.Debug|Any CPU.Build.0 = Debug|Any CPU
		{09ABE78F-53F3-4776-89B6-4C9C16302609}.Release|Any CPU.ActiveCfg = Release|Any CPU
		{09ABE78F-53F3-4776-89B6-4C9C16302609}.Release|Any CPU.Build.0 = Release|Any CPU
		{ACB7D51C-A8CC-430E-AAAD-E8B3E0711E6B}.Debug|Any CPU.ActiveCfg = Debug|Any CPU
		{ACB7D51C-A8CC-430E-AAAD-E8B3E0711E6B}.Debug|Any CPU.Build.0 = Debug|Any CPU
		{ACB7D51C-A8CC-430E-AAAD-E8B3E0711E6B}.Release|Any CPU.ActiveCfg = Release|Any CPU
		{ACB7D51C-A8CC-430E-AAAD-E8B3E0711E6B}.Release|Any CPU.Build.0 = Release|Any CPU
		{15A0852E-1D1C-4556-A329-408224A315BF}.Debug|Any CPU.ActiveCfg = Debug|Any CPU
		{15A0852E-1D1C-4556-A329-408224A315BF}.Debug|Any CPU.Build.0 = Debug|Any CPU
		{15A0852E-1D1C-4556-A329-408224A315BF}.Release|Any CPU.ActiveCfg = Release|Any CPU
		{15A0852E-1D1C-4556-A329-408224A315BF}.Release|Any CPU.Build.0 = Release|Any CPU
		{FBD6C9BF-C904-4E38-9847-14BA207733ED}.Debug|Any CPU.ActiveCfg = Debug|Any CPU
		{FBD6C9BF-C904-4E38-9847-14BA207733ED}.Debug|Any CPU.Build.0 = Debug|Any CPU
		{FBD6C9BF-C904-4E38-9847-14BA207733ED}.Release|Any CPU.ActiveCfg = Release|Any CPU
		{FBD6C9BF-C904-4E38-9847-14BA207733ED}.Release|Any CPU.Build.0 = Release|Any CPU
		{9367C54C-BFF2-4913-AD6C-95D7D2F230F9}.Debug|Any CPU.ActiveCfg = Debug|Any CPU
		{9367C54C-BFF2-4913-AD6C-95D7D2F230F9}.Debug|Any CPU.Build.0 = Debug|Any CPU
		{9367C54C-BFF2-4913-AD6C-95D7D2F230F9}.Release|Any CPU.ActiveCfg = Release|Any CPU
		{9367C54C-BFF2-4913-AD6C-95D7D2F230F9}.Release|Any CPU.Build.0 = Release|Any CPU
	EndGlobalSection
	GlobalSection(SolutionProperties) = preSolution
		HideSolutionNode = FALSE
	EndGlobalSection
	GlobalSection(ExtensibilityGlobals) = postSolution
		SolutionGuid = {8D36D6F7-2E0F-47F7-AE3F-980F283C0079}
	EndGlobalSection
EndGlobal
